
Microsoft Visual Studio Solution File, Format Version 9.00
# Visual Studio 2005
Project("{8BC9CEB8-8B4A-11D0-8D11-00A0C91BC942}") = "Os_Com", "Os_Com.vcproj", "{68921932-8FEC-4333-8735-B803C0822C10}"
EndProject
Global
	GlobalSection(SolutionConfigurationPlatforms) = preSolution
		Debug|Win32 = Debug|Win32
		Intel|Win32 = Intel|Win32
		Release_MMX|Win32 = Release_MMX|Win32
		Release|Win32 = Release|Win32
	EndGlobalSection
	GlobalSection(ProjectConfigurationPlatforms) = postSolution
		{68921932-8FEC-4333-8735-B803C0822C10}.Debug|Win32.ActiveCfg = Debug|Win32
		{68921932-8FEC-4333-8735-B803C0822C10}.Debug|Win32.Build.0 = Debug|Win32
		{68921932-8FEC-4333-8735-B803C0822C10}.Intel|Win32.ActiveCfg = Intel|Win32
		{68921932-8FEC-4333-8735-B803C0822C10}.Intel|Win32.Build.0 = Intel|Win32
		{68921932-8FEC-4333-8735-B803C0822C10}.Release_MMX|Win32.ActiveCfg = Release_MMX|Win32
		{68921932-8FEC-4333-8735-B803C0822C10}.Release_MMX|Win32.Build.0 = Release_MMX|Win32
		{68921932-8FEC-4333-8735-B803C0822C10}.Release|Win32.ActiveCfg = Release|Win32
		{68921932-8FEC-4333-8735-B803C0822C10}.Release|Win32.Build.0 = Release|Win32
	EndGlobalSection
	GlobalSection(SolutionProperties) = preSolution
		HideSolutionNode = FALSE
	EndGlobalSection
EndGlobal
